// !$*UTF8*$!
{
	archiveVersion = 1;
	classes = {
	};
	objectVersion = 50;
	objects = {

/* Begin PBXBuildFile section */
		211674A276574D691DDE7479 /* Pods_Reminders.framework in Frameworks */ = {isa = PBXBuildFile; fileRef = 8771AED5477A0BEBFAFEAF52 /* Pods_Reminders.framework */; };
		B481A89726CC29BC00C93253 /* AppDelegate.swift in Sources */ = {isa = PBXBuildFile; fileRef = B481A89626CC29BC00C93253 /* AppDelegate.swift */; };
		B481A89E26CC29BC00C93253 /* Main.storyboard in Resources */ = {isa = PBXBuildFile; fileRef = B481A89C26CC29BC00C93253 /* Main.storyboard */; };
		B481A8A026CC29BD00C93253 /* Assets.xcassets in Resources */ = {isa = PBXBuildFile; fileRef = B481A89F26CC29BD00C93253 /* Assets.xcassets */; };
		B481A8A326CC29BD00C93253 /* LaunchScreen.storyboard in Resources */ = {isa = PBXBuildFile; fileRef = B481A8A126CC29BD00C93253 /* LaunchScreen.storyboard */; };
		B481A8AD26CC29F500C93253 /* CalendarViewController.swift in Sources */ = {isa = PBXBuildFile; fileRef = B481A8AB26CC29F500C93253 /* CalendarViewController.swift */; };
		B481A8AE26CC29F500C93253 /* CalendarViewController.xib in Resources */ = {isa = PBXBuildFile; fileRef = B481A8AC26CC29F500C93253 /* CalendarViewController.xib */; };
		B481A8B026CC318F00C93253 /* GoogleService-Info.plist in Resources */ = {isa = PBXBuildFile; fileRef = B481A8AF26CC318F00C93253 /* GoogleService-Info.plist */; };
/* End PBXBuildFile section */

/* Begin PBXFileReference section */
		42119357164CC41C9D3563B4 /* Pods-Reminders.release.xcconfig */ = {isa = PBXFileReference; includeInIndex = 1; lastKnownFileType = text.xcconfig; name = "Pods-Reminders.release.xcconfig"; path = "Target Support Files/Pods-Reminders/Pods-Reminders.release.xcconfig"; sourceTree = "<group>"; };
		8771AED5477A0BEBFAFEAF52 /* Pods_Reminders.framework */ = {isa = PBXFileReference; explicitFileType = wrapper.framework; includeInIndex = 0; path = Pods_Reminders.framework; sourceTree = BUILT_PRODUCTS_DIR; };
		B481A89326CC29BC00C93253 /* Reminders.app */ = {isa = PBXFileReference; explicitFileType = wrapper.application; includeInIndex = 0; path = Reminders.app; sourceTree = BUILT_PRODUCTS_DIR; };
		B481A89626CC29BC00C93253 /* AppDelegate.swift */ = {isa = PBXFileReference; lastKnownFileType = sourcecode.swift; path = AppDelegate.swift; sourceTree = "<group>"; };
		B481A89D26CC29BC00C93253 /* Base */ = {isa = PBXFileReference; lastKnownFileType = file.storyboard; name = Base; path = Base.lproj/Main.storyboard; sourceTree = "<group>"; };
		B481A89F26CC29BD00C93253 /* Assets.xcassets */ = {isa = PBXFileReference; lastKnownFileType = folder.assetcatalog; path = Assets.xcassets; sourceTree = "<group>"; };
		B481A8A226CC29BD00C93253 /* Base */ = {isa = PBXFileReference; lastKnownFileType = file.storyboard; name = Base; path = Base.lproj/LaunchScreen.storyboard; sourceTree = "<group>"; };
		B481A8A426CC29BD00C93253 /* Info.plist */ = {isa = PBXFileReference; lastKnownFileType = text.plist.xml; path = Info.plist; sourceTree = "<group>"; };
		B481A8AB26CC29F500C93253 /* CalendarViewController.swift */ = {isa = PBXFileReference; lastKnownFileType = sourcecode.swift; path = CalendarViewController.swift; sourceTree = "<group>"; };
		B481A8AC26CC29F500C93253 /* CalendarViewController.xib */ = {isa = PBXFileReference; lastKnownFileType = file.xib; path = CalendarViewController.xib; sourceTree = "<group>"; };
		B481A8AF26CC318F00C93253 /* GoogleService-Info.plist */ = {isa = PBXFileReference; fileEncoding = 4; lastKnownFileType = text.plist.xml; path = "GoogleService-Info.plist"; sourceTree = "<group>"; };
		ED4A579E4BC1FF467CF89AEF /* Pods-Reminders.debug.xcconfig */ = {isa = PBXFileReference; includeInIndex = 1; lastKnownFileType = text.xcconfig; name = "Pods-Reminders.debug.xcconfig"; path = "Target Support Files/Pods-Reminders/Pods-Reminders.debug.xcconfig"; sourceTree = "<group>"; };
/* End PBXFileReference section */

/* Begin PBXFrameworksBuildPhase section */
		B481A89026CC29BC00C93253 /* Frameworks */ = {
			isa = PBXFrameworksBuildPhase;
			buildActionMask = 2147483647;
			files = (
				211674A276574D691DDE7479 /* Pods_Reminders.framework in Frameworks */,
			);
			runOnlyForDeploymentPostprocessing = 0;
		};
/* End PBXFrameworksBuildPhase section */

/* Begin PBXGroup section */
		9E40428CF8B167F2BC207602 /* Frameworks */ = {
			isa = PBXGroup;
			children = (
				8771AED5477A0BEBFAFEAF52 /* Pods_Reminders.framework */,
			);
			name = Frameworks;
			sourceTree = "<group>";
		};
		B481A88A26CC29BC00C93253 = {
			isa = PBXGroup;
			children = (
				B481A89526CC29BC00C93253 /* Reminders */,
				B481A89426CC29BC00C93253 /* Products */,
				D883BB50085D4FA72753131F /* Pods */,
				9E40428CF8B167F2BC207602 /* Frameworks */,
			);
			sourceTree = "<group>";
		};
		B481A89426CC29BC00C93253 /* Products */ = {
			isa = PBXGroup;
			children = (
				B481A89326CC29BC00C93253 /* Reminders.app */,
			);
			name = Products;
			sourceTree = "<group>";
		};
		B481A89526CC29BC00C93253 /* Reminders */ = {
			isa = PBXGroup;
			children = (
				B481A8B126CC319100C93253 /* Utils */,
				B481A8AA26CC29DB00C93253 /* Scenes */,
				B481A89626CC29BC00C93253 /* AppDelegate.swift */,
				B481A89C26CC29BC00C93253 /* Main.storyboard */,
				B481A8A126CC29BD00C93253 /* LaunchScreen.storyboard */,
			);
			path = Reminders;
			sourceTree = "<group>";
		};
		B481A8AA26CC29DB00C93253 /* Scenes */ = {
			isa = PBXGroup;
			children = (
				B481A8AB26CC29F500C93253 /* CalendarViewController.swift */,
				B481A8AC26CC29F500C93253 /* CalendarViewController.xib */,
			);
			path = Scenes;
			sourceTree = "<group>";
		};
		B481A8B126CC319100C93253 /* Utils */ = {
			isa = PBXGroup;
			children = (
				B481A89F26CC29BD00C93253 /* Assets.xcassets */,
				B481A8A426CC29BD00C93253 /* Info.plist */,
				B481A8AF26CC318F00C93253 /* GoogleService-Info.plist */,
			);
			path = Utils;
			sourceTree = "<group>";
		};
		D883BB50085D4FA72753131F /* Pods */ = {
			isa = PBXGroup;
			children = (
				ED4A579E4BC1FF467CF89AEF /* Pods-Reminders.debug.xcconfig */,
				42119357164CC41C9D3563B4 /* Pods-Reminders.release.xcconfig */,
			);
			path = Pods;
			sourceTree = "<group>";
		};
/* End PBXGroup section */

/* Begin PBXNativeTarget section */
		B481A89226CC29BC00C93253 /* Reminders */ = {
			isa = PBXNativeTarget;
			buildConfigurationList = B481A8A726CC29BD00C93253 /* Build configuration list for PBXNativeTarget "Reminders" */;
			buildPhases = (
				567A732F80E40F767D403088 /* [CP] Check Pods Manifest.lock */,
				B481A88F26CC29BC00C93253 /* Sources */,
				B481A89026CC29BC00C93253 /* Frameworks */,
				B481A89126CC29BC00C93253 /* Resources */,
				55FFA203BD6E5F753CEF7785 /* [CP] Embed Pods Frameworks */,
			);
			buildRules = (
			);
			dependencies = (
			);
			name = Reminders;
			productName = Reminders;
			productReference = B481A89326CC29BC00C93253 /* Reminders.app */;
			productType = "com.apple.product-type.application";
		};
/* End PBXNativeTarget section */

/* Begin PBXProject section */
		B481A88B26CC29BC00C93253 /* Project object */ = {
			isa = PBXProject;
			attributes = {
				LastSwiftUpdateCheck = 1250;
				LastUpgradeCheck = 1250;
				TargetAttributes = {
					B481A89226CC29BC00C93253 = {
						CreatedOnToolsVersion = 12.5.1;
					};
				};
			};
			buildConfigurationList = B481A88E26CC29BC00C93253 /* Build configuration list for PBXProject "Reminders" */;
			compatibilityVersion = "Xcode 9.3";
			developmentRegion = en;
			hasScannedForEncodings = 0;
			knownRegions = (
				en,
				Base,
			);
			mainGroup = B481A88A26CC29BC00C93253;
			productRefGroup = B481A89426CC29BC00C93253 /* Products */;
			projectDirPath = "";
			projectRoot = "";
			targets = (
				B481A89226CC29BC00C93253 /* Reminders */,
			);
		};
/* End PBXProject section */

/* Begin PBXResourcesBuildPhase section */
		B481A89126CC29BC00C93253 /* Resources */ = {
			isa = PBXResourcesBuildPhase;
			buildActionMask = 2147483647;
			files = (
				B481A8AE26CC29F500C93253 /* CalendarViewController.xib in Resources */,
				B481A8A326CC29BD00C93253 /* LaunchScreen.storyboard in Resources */,
				B481A8B026CC318F00C93253 /* GoogleService-Info.plist in Resources */,
				B481A8A026CC29BD00C93253 /* Assets.xcassets in Resources */,
				B481A89E26CC29BC00C93253 /* Main.storyboard in Resources */,
			);
			runOnlyForDeploymentPostprocessing = 0;
		};
/* End PBXResourcesBuildPhase section */

/* Begin PBXShellScriptBuildPhase section */
		55FFA203BD6E5F753CEF7785 /* [CP] Embed Pods Frameworks */ = {
			isa = PBXShellScriptBuildPhase;
			buildActionMask = 2147483647;
			files = (
			);
			inputFileListPaths = (
				"${PODS_ROOT}/Target Support Files/Pods-Reminders/Pods-Reminders-frameworks-${CONFIGURATION}-input-files.xcfilelist",
			);
			name = "[CP] Embed Pods Frameworks";
			outputFileListPaths = (
				"${PODS_ROOT}/Target Support Files/Pods-Reminders/Pods-Reminders-frameworks-${CONFIGURATION}-output-files.xcfilelist",
			);
			runOnlyForDeploymentPostprocessing = 0;
			shellPath = /bin/sh;
			shellScript = "\"${PODS_ROOT}/Target Support Files/Pods-Reminders/Pods-Reminders-frameworks.sh\"\n";
			showEnvVarsInLog = 0;
		};
		567A732F80E40F767D403088 /* [CP] Check Pods Manifest.lock */ = {
			isa = PBXShellScriptBuildPhase;
			buildActionMask = 2147483647;
			files = (
			);
			inputFileListPaths = (
			);
			inputPaths = (
				"${PODS_PODFILE_DIR_PATH}/Podfile.lock",
				"${PODS_ROOT}/Manifest.lock",
			);
			name = "[CP] Check Pods Manifest.lock";
			outputFileListPaths = (
			);
			outputPaths = (
				"$(DERIVED_FILE_DIR)/Pods-Reminders-checkManifestLockResult.txt",
			);
			runOnlyForDeploymentPostprocessing = 0;
			shellPath = /bin/sh;
			shellScript = "diff \"${PODS_PODFILE_DIR_PATH}/Podfile.lock\" \"${PODS_ROOT}/Manifest.lock\" > /dev/null\nif [ $? != 0 ] ; then\n    # print error to STDERR\n    echo \"error: The sandbox is not in sync with the Podfile.lock. Run 'pod install' or update your CocoaPods installation.\" >&2\n    exit 1\nfi\n# This output is used by Xcode 'outputs' to avoid re-running this script phase.\necho \"SUCCESS\" > \"${SCRIPT_OUTPUT_FILE_0}\"\n";
			showEnvVarsInLog = 0;
		};
/* End PBXShellScriptBuildPhase section */

/* Begin PBXSourcesBuildPhase section */
		B481A88F26CC29BC00C93253 /* Sources */ = {
			isa = PBXSourcesBuildPhase;
			buildActionMask = 2147483647;
			files = (
				B481A8AD26CC29F500C93253 /* CalendarViewController.swift in Sources */,
				B481A89726CC29BC00C93253 /* AppDelegate.swift in Sources */,
			);
			runOnlyForDeploymentPostprocessing = 0;
		};
/* End PBXSourcesBuildPhase section */

/* Begin PBXVariantGroup section */
		B481A89C26CC29BC00C93253 /* Main.storyboard */ = {
			isa = PBXVariantGroup;
			children = (
				B481A89D26CC29BC00C93253 /* Base */,
			);
			name = Main.storyboard;
			sourceTree = "<group>";
		};
		B481A8A126CC29BD00C93253 /* LaunchScreen.storyboard */ = {
			isa = PBXVariantGroup;
			children = (
				B481A8A226CC29BD00C93253 /* Base */,
			);
			name = LaunchScreen.storyboard;
			sourceTree = "<group>";
		};
/* End PBXVariantGroup section */

/* Begin XCBuildConfiguration section */
		B481A8A526CC29BD00C93253 /* Debug */ = {
			isa = XCBuildConfiguration;
			buildSettings = {
				ALWAYS_SEARCH_USER_PATHS = NO;
				CLANG_ANALYZER_NONNULL = YES;
				CLANG_ANALYZER_NUMBER_OBJECT_CONVERSION = YES_AGGRESSIVE;
				CLANG_CXX_LANGUAGE_STANDARD = "gnu++14";
				CLANG_CXX_LIBRARY = "libc++";
				CLANG_ENABLE_MODULES = YES;
				CLANG_ENABLE_OBJC_ARC = YES;
				CLANG_ENABLE_OBJC_WEAK = YES;
				CLANG_WARN_BLOCK_CAPTURE_AUTORELEASING = YES;
				CLANG_WARN_BOOL_CONVERSION = YES;
				CLANG_WARN_COMMA = YES;
				CLANG_WARN_CONSTANT_CONVERSION = YES;
				CLANG_WARN_DEPRECATED_OBJC_IMPLEMENTATIONS = YES;
				CLANG_WARN_DIRECT_OBJC_ISA_USAGE = YES_ERROR;
				CLANG_WARN_DOCUMENTATION_COMMENTS = YES;
				CLANG_WARN_EMPTY_BODY = YES;
				CLANG_WARN_ENUM_CONVERSION = YES;
				CLANG_WARN_INFINITE_RECURSION = YES;
				CLANG_WARN_INT_CONVERSION = YES;
				CLANG_WARN_NON_LITERAL_NULL_CONVERSION = YES;
				CLANG_WARN_OBJC_IMPLICIT_RETAIN_SELF = YES;
				CLANG_WARN_OBJC_LITERAL_CONVERSION = YES;
				CLANG_WARN_OBJC_ROOT_CLASS = YES_ERROR;
				CLANG_WARN_QUOTED_INCLUDE_IN_FRAMEWORK_HEADER = YES;
				CLANG_WARN_RANGE_LOOP_ANALYSIS = YES;
				CLANG_WARN_STRICT_PROTOTYPES = YES;
				CLANG_WARN_SUSPICIOUS_MOVE = YES;
				CLANG_WARN_UNGUARDED_AVAILABILITY = YES_AGGRESSIVE;
				CLANG_WARN_UNREACHABLE_CODE = YES;
				CLANG_WARN__DUPLICATE_METHOD_MATCH = YES;
				COPY_PHASE_STRIP = NO;
				DEBUG_INFORMATION_FORMAT = dwarf;
				ENABLE_STRICT_OBJC_MSGSEND = YES;
				ENABLE_TESTABILITY = YES;
				GCC_C_LANGUAGE_STANDARD = gnu11;
				GCC_DYNAMIC_NO_PIC = NO;
				GCC_NO_COMMON_BLOCKS = YES;
				GCC_OPTIMIZATION_LEVEL = 0;
				GCC_PREPROCESSOR_DEFINITIONS = (
					"DEBUG=1",
					"$(inherited)",
				);
				GCC_WARN_64_TO_32_BIT_CONVERSION = YES;
				GCC_WARN_ABOUT_RETURN_TYPE = YES_ERROR;
				GCC_WARN_UNDECLARED_SELECTOR = YES;
				GCC_WARN_UNINITIALIZED_AUTOS = YES_AGGRESSIVE;
				GCC_WARN_UNUSED_FUNCTION = YES;
				GCC_WARN_UNUSED_VARIABLE = YES;
				IPHONEOS_DEPLOYMENT_TARGET = 14.5;
				MTL_ENABLE_DEBUG_INFO = INCLUDE_SOURCE;
				MTL_FAST_MATH = YES;
				ONLY_ACTIVE_ARCH = YES;
				SDKROOT = iphoneos;
				SWIFT_ACTIVE_COMPILATION_CONDITIONS = DEBUG;
				SWIFT_OPTIMIZATION_LEVEL = "-Onone";
			};
			name = Debug;
		};
		B481A8A626CC29BD00C93253 /* Release */ = {
			isa = XCBuildConfiguration;
			buildSettings = {
				ALWAYS_SEARCH_USER_PATHS = NO;
				CLANG_ANALYZER_NONNULL = YES;
				CLANG_ANALYZER_NUMBER_OBJECT_CONVERSION = YES_AGGRESSIVE;
				CLANG_CXX_LANGUAGE_STANDARD = "gnu++14";
				CLANG_CXX_LIBRARY = "libc++";
				CLANG_ENABLE_MODULES = YES;
				CLANG_ENABLE_OBJC_ARC = YES;
				CLANG_ENABLE_OBJC_WEAK = YES;
				CLANG_WARN_BLOCK_CAPTURE_AUTORELEASING = YES;
				CLANG_WARN_BOOL_CONVERSION = YES;
				CLANG_WARN_COMMA = YES;
				CLANG_WARN_CONSTANT_CONVERSION = YES;
				CLANG_WARN_DEPRECATED_OBJC_IMPLEMENTATIONS = YES;
				CLANG_WARN_DIRECT_OBJC_ISA_USAGE = YES_ERROR;
				CLANG_WARN_DOCUMENTATION_COMMENTS = YES;
				CLANG_WARN_EMPTY_BODY = YES;
				CLANG_WARN_ENUM_CONVERSION = YES;
				CLANG_WARN_INFINITE_RECURSION = YES;
				CLANG_WARN_INT_CONVERSION = YES;
				CLANG_WARN_NON_LITERAL_NULL_CONVERSION = YES;
				CLANG_WARN_OBJC_IMPLICIT_RETAIN_SELF = YES;
				CLANG_WARN_OBJC_LITERAL_CONVERSION = YES;
				CLANG_WARN_OBJC_ROOT_CLASS = YES_ERROR;
				CLANG_WARN_QUOTED_INCLUDE_IN_FRAMEWORK_HEADER = YES;
				CLANG_WARN_RANGE_LOOP_ANALYSIS = YES;
				CLANG_WARN_STRICT_PROTOTYPES = YES;
				CLANG_WARN_SUSPICIOUS_MOVE = YES;
				CLANG_WARN_UNGUARDED_AVAILABILITY = YES_AGGRESSIVE;
				CLANG_WARN_UNREACHABLE_CODE = YES;
				CLANG_WARN__DUPLICATE_METHOD_MATCH = YES;
				COPY_PHASE_STRIP = NO;
				DEBUG_INFORMATION_FORMAT = "dwarf-with-dsym";
				ENABLE_NS_ASSERTIONS = NO;
				ENABLE_STRICT_OBJC_MSGSEND = YES;
				GCC_C_LANGUAGE_STANDARD = gnu11;
				GCC_NO_COMMON_BLOCKS = YES;
				GCC_WARN_64_TO_32_BIT_CONVERSION = YES;
				GCC_WARN_ABOUT_RETURN_TYPE = YES_ERROR;
				GCC_WARN_UNDECLARED_SELECTOR = YES;
				GCC_WARN_UNINITIALIZED_AUTOS = YES_AGGRESSIVE;
				GCC_WARN_UNUSED_FUNCTION = YES;
				GCC_WARN_UNUSED_VARIABLE = YES;
				IPHONEOS_DEPLOYMENT_TARGET = 14.5;
				MTL_ENABLE_DEBUG_INFO = NO;
				MTL_FAST_MATH = YES;
				SDKROOT = iphoneos;
				SWIFT_COMPILATION_MODE = wholemodule;
				SWIFT_OPTIMIZATION_LEVEL = "-O";
				VALIDATE_PRODUCT = YES;
			};
			name = Release;
		};
		B481A8A826CC29BD00C93253 /* Debug */ = {
			isa = XCBuildConfiguration;
			baseConfigurationReference = ED4A579E4BC1FF467CF89AEF /* Pods-Reminders.debug.xcconfig */;
			buildSettings = {
				ASSETCATALOG_COMPILER_APPICON_NAME = AppIcon;
				ASSETCATALOG_COMPILER_GLOBAL_ACCENT_COLOR_NAME = AccentColor;
				CODE_SIGN_STYLE = Automatic;
				DEVELOPMENT_TEAM = 69ZP9UQHB2;
				INFOPLIST_FILE = Reminders/Info.plist;
				LD_RUNPATH_SEARCH_PATHS = (
					"$(inherited)",
					"@executable_path/Frameworks",
				);
				PRODUCT_BUNDLE_IDENTIFIER = com.paultiriteu.Reminders;
				PRODUCT_NAME = "$(TARGET_NAME)";
				SWIFT_VERSION = 5.0;
				TARGETED_DEVICE_FAMILY = "1,2";
			};
			name = Debug;
		};
		B481A8A926CC29BD00C93253 /* Release */ = {
			isa = XCBuildConfiguration;
			baseConfigurationReference = 42119357164CC41C9D3563B4 /* Pods-Reminders.release.xcconfig */;
			buildSettings = {
				ASSETCATALOG_COMPILER_APPICON_NAME = AppIcon;
				ASSETCATALOG_COMPILER_GLOBAL_ACCENT_COLOR_NAME = AccentColor;
				CODE_SIGN_STYLE = Automatic;
				DEVELOPMENT_TEAM = 69ZP9UQHB2;
				INFOPLIST_FILE = Reminders/Info.plist;
				LD_RUNPATH_SEARCH_PATHS = (
					"$(inherited)",
					"@executable_path/Frameworks",
				);
				PRODUCT_BUNDLE_IDENTIFIER = com.paultiriteu.Reminders;
				PRODUCT_NAME = "$(TARGET_NAME)";
				SWIFT_VERSION = 5.0;
				TARGETED_DEVICE_FAMILY = "1,2";
			};
			name = Release;
		};
/* End XCBuildConfiguration section */

/* Begin XCConfigurationList section */
		B481A88E26CC29BC00C93253 /* Build configuration list for PBXProject "Reminders" */ = {
			isa = XCConfigurationList;
			buildConfigurations = (
				B481A8A526CC29BD00C93253 /* Debug */,
				B481A8A626CC29BD00C93253 /* Release */,
			);
			defaultConfigurationIsVisible = 0;
			defaultConfigurationName = Release;
		};
		B481A8A726CC29BD00C93253 /* Build configuration list for PBXNativeTarget "Reminders" */ = {
			isa = XCConfigurationList;
			buildConfigurations = (
				B481A8A826CC29BD00C93253 /* Debug */,
				B481A8A926CC29BD00C93253 /* Release */,
			);
			defaultConfigurationIsVisible = 0;
			defaultConfigurationName = Release;
		};
/* End XCConfigurationList section */
	};
	rootObject = B481A88B26CC29BC00C93253 /* Project object */;
}
